
Microsoft Visual Studio Solution File, Format Version 12.00
# Visual Studio Version 16
VisualStudioVersion = 16.0.31729.503
MinimumVisualStudioVersion = 10.0.40219.1
Project("{FAE04EC0-301F-11D3-BF4B-00C04F79EFBC}") = "3.3P_Test", "3.3P_Test.csproj", "{ABB2DC23-F218-4ED3-86FA-1517C8C7130F}"
EndProject
Global
	GlobalSection(SolutionConfigurationPlatforms) = preSolution
		Debug|Any CPU = Debug|Any CPU
		Release|Any CPU = Release|Any CPU
	EndGlobalSection
	GlobalSection(ProjectConfigurationPlatforms) = postSolution
		{ABB2DC23-F218-4ED3-86FA-1517C8C7130F}.Debug|Any CPU.ActiveCfg = Debug|Any CPU
		{ABB2DC23-F218-4ED3-86FA-1517C8C7130F}.Debug|Any CPU.Build.0 = Debug|Any CPU
		{ABB2DC23-F218-4ED3-86FA-1517C8C7130F}.Release|Any CPU.ActiveCfg = Release|Any CPU
		{ABB2DC23-F218-4ED3-86FA-1517C8C7130F}.Release|Any CPU.Build.0 = Release|Any CPU
	EndGlobalSection
	GlobalSection(SolutionProperties) = preSolution
		HideSolutionNode = FALSE
	EndGlobalSection
	GlobalSection(ExtensibilityGlobals) = postSolution
		SolutionGuid = {11AB9F1A-FC22-49EB-94FC-E2D88540FC4B}
	EndGlobalSection
EndGlobal
